{
    "_meta": {
        "sources": [
            {
                "url": "https://pypi.python.org/simple",
                "verify_ssl": true
            }
        ],
        "requires": {},
        "hash": {
            "sha256": "0e45a1b91d24015956cef682a1fe42743f61da2c5116090de48971257cb37723"
        }
    },
    "default": {
        "django": {
            "hash": "sha256:4541a60834f28f308ee7b6e96400feca905fb0de473eb9dad6847e98a36d86d4",
            "version": "==1.10.5"
        },
        "celery": {
            "hash": "sha256:0e5b7e0d7f03aa02061abfd27aa9da05b6740281ca1f5228a54fbf7fe74d8afa",
            "version": "==4.0.2"
        },
        "pytz": {
            "hash": "sha256:a1ea35e87a63c7825846d5b5c81d23d668e8a102d3b1b465ce95afe1b3a2e065",
            "version": "==2016.10"
        },
        "kombu": {
            "hash": "sha256:385bf38e6de7f3851f674671dbfe24572ce999608d293a85fb8a630654d8bd9c",
            "version": "==4.0.2"
        },
        "billiard": {
            "hash": "sha256:03f669755f1d6b7dbe528fe615a3164b0d8efca095382c514dd7026dfb79a9c6",
            "version": "==3.5.0.2"
        },
        "amqp": {
            "hash": "sha256:5e0871a93433f941e444c2b859da095f05034d2ac1b7c084529cfd0b6f8eef18",
            "version": "==2.1.4"
        },
        "vine": {
            "hash": "sha256:739b19304065de99bd1f4665abe461b449b1022c1e4f89a7925db9d50e9741ea",
            "version": "==1.1.3"
        },
        "docopt": {
            "hash": "sha256:49b3a825280bd66b3aa83585ef59c4a8c82f2c8a522dbe754a8bc8d08c85c491",
            "version": "==0.6.2"
        },
        "sshpubkeys": {
            "hash": "sha256:5ce79a5fb6c879bce43211d113e0e529b59d0ce0a45b4aa6d3302bfbf84518b9",
            "version": "==2.2.0"
        },
        "ecdsa": {
            "hash": "sha256:40d002cf360d0e035cf2cb985e1308d41aaa087cbfc135b2dc2d844296ea546c",
            "version": "==0.13"
        },
        "pycrypto": {
            "hash": "sha256:f2ce1e989b272cfcb677616763e0a2e7ec659effa67a88aa92b3a65528f60a3c",
            "version": "==2.6.1"
        }
    },
    "develop": {
        "mixer": {
            "hash": "sha256:02e23d3b3698f5831d7cbaaaeeaedb760322254ae99c543f0ad43a87fa36cb7a",
            "version": "==5.6.6"
        },
        "Faker": {
            "hash": "sha256:ad46c741aa5002835b06fc110b6674e36c2c047e1cb1a0808009b30384a3c976",
            "version": "==0.7.3"
        },
        "six": {
            "hash": "sha256:0ff78c403d9bccf5a425a6d31a12aa6b47f1c21ca4dc2573a7e2f32a97335eb1",
            "version": "==1.10.0"
        },
        "python-dateutil": {
            "hash": "sha256:537bf2a8f8ce6f6862ad705cd68f9e405c0b5db014aa40fa29eab4335d4b1716",
            "version": "==2.6.0"
        },
        "pytest": {
            "hash": "sha256:da0ab50c7eec0683bc24f1c1137db1f4111752054ecdad63125e7ec71316b813",
            "version": "==3.0.6"
        },
        "py": {
            "hash": "sha256:2d4bba2e25fff58140e6bdce1e485e89bb59776adbe01d490baa6b1f37a3dd6b",
            "version": "==1.4.32"
        },
        "setuptools": {
            "hash": "sha256:edd9d39782fe38b9c533002b2e6fdf06498793cbd29266accdcc519431d4b7ba",
            "version": "==34.1.0"
        },
        "appdirs": {
            "hash": "sha256:85e58578db8f29538f3109c11250c2a5514a2fcdc9890d9b2fe777eb55517736",
            "version": "==1.4.0"
        },
        "packaging": {
            "hash": "sha256:99276dc6e3a7851f32027a68f1095cd3f77c148091b092ea867a351811cfe388",
            "version": "==16.8"
        },
        "pyparsing": {
            "hash": "sha256:67101d7acee692962f33dd30b5dce079ff532dd9aa99ff48d52a3dad51d2fe84",
            "version": "==2.1.10"
        },
        "pytest-cov": {
            "hash": "sha256:10e37e876f49ddec80d6c83a54b657157f1387ebc0f7755285f8c156130014a1",
            "version": "==2.4.0"
        },
        "coverage": {
            "hash": "sha256:2f5a8bf29bdc69976d0913745daab11f8265e46ec41153f5e1e1794088019dad",
            "version": "==4.3.4"
        },
        "pytest-django": {
            "hash": "sha256:00995c2999b884a38ae9cd30a8c00ed32b3d38c1041250ea84caf18085589662",
            "version": "==3.1.2"
        },
        "pdbpp": {
            "hash": "sha256:b5daeaefebc8e940d696757365d3e15e57617936fd4fa93160dd36f1dd584516",
            "version": "==0.8.3"
        },
        "fancycompleter": {
            "hash": "sha256:5044bf91766dde3addfea81aaf36bacce89e1a872a10567f57e51f981c531eb7",
            "version": "==0.7"
        },
        "ordereddict": {
            "hash": "sha256:1c35b4ac206cef2d24816c89f89cf289dd3d38cf7c449bb3fab7bf6d43f01b1f",
            "version": "==1.1"
        },
        "wmctrl": {
            "hash": "sha256:d806f65ac1554366b6e31d29d7be2e8893996c0acbb2824bbf2b1f49cf628a13",
            "version": "==0.3"
        },
        "pygments": {
            "hash": "sha256:78f3f434bcc5d6ee09020f92ba487f95ba50f1e3ef83ae96b9d5ffa1bab25c5d",
            "version": "==2.2.0"
        }
    }
}